<?xml version="1.0" encoding="utf-8"?>
<Project ToolsVersion="4.0" xmlns="http://schemas.microsoft.com/developer/msbuild/2003">
  <ItemGroup>
    <Filter Include="src">
      <UniqueIdentifier>{94bcb0bc-3843-492e-9e17-b4c95c0e4dd2}</UniqueIdentifier>
    </Filter>
  </ItemGroup>
  <ItemGroup>
    <ClCompile Include="..\src\Main.cpp">
      <Filter>src</Filter>
    </ClCompile>
    <ClCompile Include="..\src\Mainframe.cpp">
      <Filter>src</Filter>
    </ClCompile>
    <ClCompile Include="..\src\Player.cpp">
      <Filter>src</Filter>
    </ClCompile>
    <ClCompile Include="..\src\Obstacle.cpp">
      <Filter>src</Filter>
    </ClCompile>
  </ItemGroup>
  <ItemGroup>
    <ClInclude Include="..\src\Mainframe.h">
      <Filter>src</Filter>
    </ClInclude>
    <ClInclude Include="..\src\Player.h">
      <Filter>src</Filter>
    </ClInclude>
    <ClInclude Include="..\src\Obstacle.h">
      <Filter>src</Filter>
    </ClInclude>
  </ItemGroup>
</Project>